
Microsoft Visual Studio Solution File, Format Version 12.00
# Visual Studio Version 16
VisualStudioVersion = 16.0.31019.35
MinimumVisualStudioVersion = 10.0.40219.1
Project("{FAE04EC0-301F-11D3-BF4B-00C04F79EFBC}") = "SortExperiment1", "SortExperiment1\SortExperiment1.csproj", "{76F86EAF-6D43-4AB4-9BFA-8D508A75CE1E}"
EndProject
Project("{FAE04EC0-301F-11D3-BF4B-00C04F79EFBC}") = "Test", "Test\Test.csproj", "{2D580763-E63F-474B-9D6F-0893CB1C8B4D}"
EndProject
Global
	GlobalSection(SolutionConfigurationPlatforms) = preSolution
		Debug|Any CPU = Debug|Any CPU
		Release|Any CPU = Release|Any CPU
	EndGlobalSection
	GlobalSection(ProjectConfigurationPlatforms) = postSolution
		{76F86EAF-6D43-4AB4-9BFA-8D508A75CE1E}.Debug|Any CPU.ActiveCfg = Debug|Any CPU
		{76F86EAF-6D43-4AB4-9BFA-8D508A75CE1E}.Debug|Any CPU.Build.0 = Debug|Any CPU
		{76F86EAF-6D43-4AB4-9BFA-8D508A75CE1E}.Release|Any CPU.ActiveCfg = Release|Any CPU
		{76F86EAF-6D43-4AB4-9BFA-8D508A75CE1E}.Release|Any CPU.Build.0 = Release|Any CPU
		{2D580763-E63F-474B-9D6F-0893CB1C8B4D}.Debug|Any CPU.ActiveCfg = Debug|Any CPU
		{2D580763-E63F-474B-9D6F-0893CB1C8B4D}.Debug|Any CPU.Build.0 = Debug|Any CPU
		{2D580763-E63F-474B-9D6F-0893CB1C8B4D}.Release|Any CPU.ActiveCfg = Release|Any CPU
		{2D580763-E63F-474B-9D6F-0893CB1C8B4D}.Release|Any CPU.Build.0 = Release|Any CPU
	EndGlobalSection
	GlobalSection(SolutionProperties) = preSolution
		HideSolutionNode = FALSE
	EndGlobalSection
	GlobalSection(ExtensibilityGlobals) = postSolution
		SolutionGuid = {29E12722-8EDB-4F39-8BBF-50621F865D85}
	EndGlobalSection
EndGlobal
